
Microsoft Visual Studio Solution File, Format Version 12.00
# Visual Studio Version 16
VisualStudioVersion = 16.0.30907.101
MinimumVisualStudioVersion = 10.0.40219.1
Project("{FAE04EC0-301F-11D3-BF4B-00C04F79EFBC}") = "laba1 v45-6", "laba1 v45-6\laba1 v45-6.csproj", "{3204BBE6-C2B8-4EB9-AA71-1A0C2A810297}"
EndProject
Global
	GlobalSection(SolutionConfigurationPlatforms) = preSolution
		Debug|Any CPU = Debug|Any CPU
		Release|Any CPU = Release|Any CPU
	EndGlobalSection
	GlobalSection(ProjectConfigurationPlatforms) = postSolution
		{3204BBE6-C2B8-4EB9-AA71-1A0C2A810297}.Debug|Any CPU.ActiveCfg = Debug|Any CPU
		{3204BBE6-C2B8-4EB9-AA71-1A0C2A810297}.Debug|Any CPU.Build.0 = Debug|Any CPU
		{3204BBE6-C2B8-4EB9-AA71-1A0C2A810297}.Release|Any CPU.ActiveCfg = Release|Any CPU
		{3204BBE6-C2B8-4EB9-AA71-1A0C2A810297}.Release|Any CPU.Build.0 = Release|Any CPU
	EndGlobalSection
	GlobalSection(SolutionProperties) = preSolution
		HideSolutionNode = FALSE
	EndGlobalSection
	GlobalSection(ExtensibilityGlobals) = postSolution
		SolutionGuid = {4CE2FC65-7689-476B-A233-1F571F88D60F}
	EndGlobalSection
EndGlobal
